
Microsoft Visual Studio Solution File, Format Version 12.00
# Visual Studio 15
VisualStudioVersion = 15.0.28010.2048
MinimumVisualStudioVersion = 10.0.40219.1
Project("{9A19103F-16F7-4668-BE54-9A1E7A4F7556}") = "AspNetCore_2.3", "AspNetCore_2.3\AspNetCore_2.3.csproj", "{E23490C5-66B1-4B01-8E2B-BBF9B9871A72}"
EndProject
Project("{9A19103F-16F7-4668-BE54-9A1E7A4F7556}") = "AspNetCore_2.22", "AspNetCore_2.22\AspNetCore_2.22.csproj", "{AE3F8583-1E96-40D5-8762-218A84493D53}"
EndProject
Project("{9A19103F-16F7-4668-BE54-9A1E7A4F7556}") = "AspNetCore_2.4", "AspNetCore_2.4\AspNetCore_2.4.csproj", "{8F5E171D-94F1-4CFB-ACB8-96B6170EC540}"
EndProject
Project("{9A19103F-16F7-4668-BE54-9A1E7A4F7556}") = "AspNetCore_2.18", "AspNetCore_2.18\AspNetCore_2.18.csproj", "{EE524C39-3A27-4C18-96D6-7CED08CC6320}"
EndProject
Project("{9A19103F-16F7-4668-BE54-9A1E7A4F7556}") = "AspNetCore_2.5", "AspNetCore_2.5\AspNetCore_2.5.csproj", "{31A264DF-2F11-4BA0-ABCD-AD7A2D7FCABB}"
EndProject
Project("{9A19103F-16F7-4668-BE54-9A1E7A4F7556}") = "AspNetCore_2.8", "AspNetCore_2.8\AspNetCore_2.8.csproj", "{2320690E-AB13-4534-98E3-930C3D53F5A6}"
EndProject
Project("{9A19103F-16F7-4668-BE54-9A1E7A4F7556}") = "AspNetCore_2.10", "AspNetCore_2.10\AspNetCore_2.10.csproj", "{3D1545E1-F149-4BC8-B061-D1F2B12E362D}"
EndProject
Project("{9A19103F-16F7-4668-BE54-9A1E7A4F7556}") = "CSharp_11.4", "CSharp_11.4\CSharp_11.4.csproj", "{CF5F5268-74C8-44BE-A33B-0C369430E88F}"
EndProject
Project("{9A19103F-16F7-4668-BE54-9A1E7A4F7556}") = "AspNetCore_2.11", "AspNetCore_2.11\AspNetCore_2.11.csproj", "{3446CAA9-59B5-45FF-95EF-43CF20A1A983}"
EndProject
Project("{9A19103F-16F7-4668-BE54-9A1E7A4F7556}") = "AspNetCore_17.1", "AspNetCore_17.1\AspNetCore_17.1.csproj", "{AFD359CA-4DC5-421C-8009-B84C2B599A60}"
EndProject
Project("{9A19103F-16F7-4668-BE54-9A1E7A4F7556}") = "AspNetCore_6.1", "AspNetCore_6.1\AspNetCore_6.1.csproj", "{38F1FDBB-E995-4AD5-9DF1-AE4C8E284715}"
EndProject
Project("{9A19103F-16F7-4668-BE54-9A1E7A4F7556}") = "AspNetCore_2.6", "AspNetCore_2.6\AspNetCore_2.6.csproj", "{3CD16450-4249-4600-B1BD-41E81F007518}"
EndProject
Project("{9A19103F-16F7-4668-BE54-9A1E7A4F7556}") = "AspNetCore_2.15", "AspNetCore_2.15\AspNetCore_2.15.csproj", "{CDAC6E73-D795-40F5-ABBB-CCFE0674EA12}"
EndProject
Project("{9A19103F-16F7-4668-BE54-9A1E7A4F7556}") = "AspNetCore_11.1", "AspNetCore_11.1\AspNetCore_11.1.csproj", "{BD88D494-398A-442E-8156-FCF58679ED39}"
EndProject
Project("{9A19103F-16F7-4668-BE54-9A1E7A4F7556}") = "AspnetCore_11.2", "AspnetCore_11.2\AspnetCore_11.2.csproj", "{8CD23167-DF8A-420B-8B8D-F3F8141262B4}"
EndProject
Project("{9A19103F-16F7-4668-BE54-9A1E7A4F7556}") = "AspNetCore_11.3", "AspNetCore_11.3\AspNetCore_11.3.csproj", "{0CFEEEC6-851A-4C71-B30C-56B62848F93C}"
EndProject
Project("{9A19103F-16F7-4668-BE54-9A1E7A4F7556}") = "AspNetCore_3.6", "AspNetCore_3.6\AspNetCore_3.6.csproj", "{2A86D7AD-A7F6-44E3-8DE2-3EDB018BF710}"
EndProject
Project("{9A19103F-16F7-4668-BE54-9A1E7A4F7556}") = "AspNetCore_3.3", "AspNetCore_3.3\AspNetCore_3.3.csproj", "{D724FB72-C815-498A-8634-82308FB44B4E}"
EndProject
Project("{FAE04EC0-301F-11D3-BF4B-00C04F79EFBC}") = "AspNetCore_5.4", "AspNetCore_5.4\AspNetCore_5.4.csproj", "{EC702F6C-96ED-4997-BF1F-40C961136889}"
EndProject
Global
	GlobalSection(SolutionConfigurationPlatforms) = preSolution
		Debug|Any CPU = Debug|Any CPU
		Release|Any CPU = Release|Any CPU
	EndGlobalSection
	GlobalSection(ProjectConfigurationPlatforms) = postSolution
		{E23490C5-66B1-4B01-8E2B-BBF9B9871A72}.Debug|Any CPU.ActiveCfg = Debug|Any CPU
		{E23490C5-66B1-4B01-8E2B-BBF9B9871A72}.Debug|Any CPU.Build.0 = Debug|Any CPU
		{E23490C5-66B1-4B01-8E2B-BBF9B9871A72}.Release|Any CPU.ActiveCfg = Release|Any CPU
		{E23490C5-66B1-4B01-8E2B-BBF9B9871A72}.Release|Any CPU.Build.0 = Release|Any CPU
		{AE3F8583-1E96-40D5-8762-218A84493D53}.Debug|Any CPU.ActiveCfg = Debug|Any CPU
		{AE3F8583-1E96-40D5-8762-218A84493D53}.Debug|Any CPU.Build.0 = Debug|Any CPU
		{AE3F8583-1E96-40D5-8762-218A84493D53}.Release|Any CPU.ActiveCfg = Release|Any CPU
		{AE3F8583-1E96-40D5-8762-218A84493D53}.Release|Any CPU.Build.0 = Release|Any CPU
		{8F5E171D-94F1-4CFB-ACB8-96B6170EC540}.Debug|Any CPU.ActiveCfg = Debug|Any CPU
		{8F5E171D-94F1-4CFB-ACB8-96B6170EC540}.Debug|Any CPU.Build.0 = Debug|Any CPU
		{8F5E171D-94F1-4CFB-ACB8-96B6170EC540}.Release|Any CPU.ActiveCfg = Release|Any CPU
		{8F5E171D-94F1-4CFB-ACB8-96B6170EC540}.Release|Any CPU.Build.0 = Release|Any CPU
		{EE524C39-3A27-4C18-96D6-7CED08CC6320}.Debug|Any CPU.ActiveCfg = Debug|Any CPU
		{EE524C39-3A27-4C18-96D6-7CED08CC6320}.Debug|Any CPU.Build.0 = Debug|Any CPU
		{EE524C39-3A27-4C18-96D6-7CED08CC6320}.Release|Any CPU.ActiveCfg = Release|Any CPU
		{EE524C39-3A27-4C18-96D6-7CED08CC6320}.Release|Any CPU.Build.0 = Release|Any CPU
		{31A264DF-2F11-4BA0-ABCD-AD7A2D7FCABB}.Debug|Any CPU.ActiveCfg = Debug|Any CPU
		{31A264DF-2F11-4BA0-ABCD-AD7A2D7FCABB}.Debug|Any CPU.Build.0 = Debug|Any CPU
		{31A264DF-2F11-4BA0-ABCD-AD7A2D7FCABB}.Release|Any CPU.ActiveCfg = Release|Any CPU
		{31A264DF-2F11-4BA0-ABCD-AD7A2D7FCABB}.Release|Any CPU.Build.0 = Release|Any CPU
		{2320690E-AB13-4534-98E3-930C3D53F5A6}.Debug|Any CPU.ActiveCfg = Debug|Any CPU
		{2320690E-AB13-4534-98E3-930C3D53F5A6}.Debug|Any CPU.Build.0 = Debug|Any CPU
		{2320690E-AB13-4534-98E3-930C3D53F5A6}.Release|Any CPU.ActiveCfg = Release|Any CPU
		{2320690E-AB13-4534-98E3-930C3D53F5A6}.Release|Any CPU.Build.0 = Release|Any CPU
		{3D1545E1-F149-4BC8-B061-D1F2B12E362D}.Debug|Any CPU.ActiveCfg = Debug|Any CPU
		{3D1545E1-F149-4BC8-B061-D1F2B12E362D}.Debug|Any CPU.Build.0 = Debug|Any CPU
		{3D1545E1-F149-4BC8-B061-D1F2B12E362D}.Release|Any CPU.ActiveCfg = Release|Any CPU
		{3D1545E1-F149-4BC8-B061-D1F2B12E362D}.Release|Any CPU.Build.0 = Release|Any CPU
		{CF5F5268-74C8-44BE-A33B-0C369430E88F}.Debug|Any CPU.ActiveCfg = Debug|Any CPU
		{CF5F5268-74C8-44BE-A33B-0C369430E88F}.Debug|Any CPU.Build.0 = Debug|Any CPU
		{CF5F5268-74C8-44BE-A33B-0C369430E88F}.Release|Any CPU.ActiveCfg = Release|Any CPU
		{CF5F5268-74C8-44BE-A33B-0C369430E88F}.Release|Any CPU.Build.0 = Release|Any CPU
		{3446CAA9-59B5-45FF-95EF-43CF20A1A983}.Debug|Any CPU.ActiveCfg = Debug|Any CPU
		{3446CAA9-59B5-45FF-95EF-43CF20A1A983}.Debug|Any CPU.Build.0 = Debug|Any CPU
		{3446CAA9-59B5-45FF-95EF-43CF20A1A983}.Release|Any CPU.ActiveCfg = Release|Any CPU
		{3446CAA9-59B5-45FF-95EF-43CF20A1A983}.Release|Any CPU.Build.0 = Release|Any CPU
		{AFD359CA-4DC5-421C-8009-B84C2B599A60}.Debug|Any CPU.ActiveCfg = Debug|Any CPU
		{AFD359CA-4DC5-421C-8009-B84C2B599A60}.Debug|Any CPU.Build.0 = Debug|Any CPU
		{AFD359CA-4DC5-421C-8009-B84C2B599A60}.Release|Any CPU.ActiveCfg = Release|Any CPU
		{AFD359CA-4DC5-421C-8009-B84C2B599A60}.Release|Any CPU.Build.0 = Release|Any CPU
		{38F1FDBB-E995-4AD5-9DF1-AE4C8E284715}.Debug|Any CPU.ActiveCfg = Debug|Any CPU
		{38F1FDBB-E995-4AD5-9DF1-AE4C8E284715}.Debug|Any CPU.Build.0 = Debug|Any CPU
		{38F1FDBB-E995-4AD5-9DF1-AE4C8E284715}.Release|Any CPU.ActiveCfg = Release|Any CPU
		{38F1FDBB-E995-4AD5-9DF1-AE4C8E284715}.Release|Any CPU.Build.0 = Release|Any CPU
		{3CD16450-4249-4600-B1BD-41E81F007518}.Debug|Any CPU.ActiveCfg = Debug|Any CPU
		{3CD16450-4249-4600-B1BD-41E81F007518}.Debug|Any CPU.Build.0 = Debug|Any CPU
		{3CD16450-4249-4600-B1BD-41E81F007518}.Release|Any CPU.ActiveCfg = Release|Any CPU
		{3CD16450-4249-4600-B1BD-41E81F007518}.Release|Any CPU.Build.0 = Release|Any CPU
		{CDAC6E73-D795-40F5-ABBB-CCFE0674EA12}.Debug|Any CPU.ActiveCfg = Debug|Any CPU
		{CDAC6E73-D795-40F5-ABBB-CCFE0674EA12}.Debug|Any CPU.Build.0 = Debug|Any CPU
		{CDAC6E73-D795-40F5-ABBB-CCFE0674EA12}.Release|Any CPU.ActiveCfg = Release|Any CPU
		{CDAC6E73-D795-40F5-ABBB-CCFE0674EA12}.Release|Any CPU.Build.0 = Release|Any CPU
		{BD88D494-398A-442E-8156-FCF58679ED39}.Debug|Any CPU.ActiveCfg = Debug|Any CPU
		{BD88D494-398A-442E-8156-FCF58679ED39}.Debug|Any CPU.Build.0 = Debug|Any CPU
		{BD88D494-398A-442E-8156-FCF58679ED39}.Release|Any CPU.ActiveCfg = Release|Any CPU
		{BD88D494-398A-442E-8156-FCF58679ED39}.Release|Any CPU.Build.0 = Release|Any CPU
		{8CD23167-DF8A-420B-8B8D-F3F8141262B4}.Debug|Any CPU.ActiveCfg = Debug|Any CPU
		{8CD23167-DF8A-420B-8B8D-F3F8141262B4}.Debug|Any CPU.Build.0 = Debug|Any CPU
		{8CD23167-DF8A-420B-8B8D-F3F8141262B4}.Release|Any CPU.ActiveCfg = Release|Any CPU
		{8CD23167-DF8A-420B-8B8D-F3F8141262B4}.Release|Any CPU.Build.0 = Release|Any CPU
		{0CFEEEC6-851A-4C71-B30C-56B62848F93C}.Debug|Any CPU.ActiveCfg = Debug|Any CPU
		{0CFEEEC6-851A-4C71-B30C-56B62848F93C}.Debug|Any CPU.Build.0 = Debug|Any CPU
		{0CFEEEC6-851A-4C71-B30C-56B62848F93C}.Release|Any CPU.ActiveCfg = Release|Any CPU
		{0CFEEEC6-851A-4C71-B30C-56B62848F93C}.Release|Any CPU.Build.0 = Release|Any CPU
		{2A86D7AD-A7F6-44E3-8DE2-3EDB018BF710}.Debug|Any CPU.ActiveCfg = Debug|Any CPU
		{2A86D7AD-A7F6-44E3-8DE2-3EDB018BF710}.Debug|Any CPU.Build.0 = Debug|Any CPU
		{2A86D7AD-A7F6-44E3-8DE2-3EDB018BF710}.Release|Any CPU.ActiveCfg = Release|Any CPU
		{2A86D7AD-A7F6-44E3-8DE2-3EDB018BF710}.Release|Any CPU.Build.0 = Release|Any CPU
		{D724FB72-C815-498A-8634-82308FB44B4E}.Debug|Any CPU.ActiveCfg = Debug|Any CPU
		{D724FB72-C815-498A-8634-82308FB44B4E}.Debug|Any CPU.Build.0 = Debug|Any CPU
		{D724FB72-C815-498A-8634-82308FB44B4E}.Release|Any CPU.ActiveCfg = Release|Any CPU
		{D724FB72-C815-498A-8634-82308FB44B4E}.Release|Any CPU.Build.0 = Release|Any CPU
		{EC702F6C-96ED-4997-BF1F-40C961136889}.Debug|Any CPU.ActiveCfg = Debug|Any CPU
		{EC702F6C-96ED-4997-BF1F-40C961136889}.Debug|Any CPU.Build.0 = Debug|Any CPU
		{EC702F6C-96ED-4997-BF1F-40C961136889}.Release|Any CPU.ActiveCfg = Release|Any CPU
		{EC702F6C-96ED-4997-BF1F-40C961136889}.Release|Any CPU.Build.0 = Release|Any CPU
	EndGlobalSection
	GlobalSection(SolutionProperties) = preSolution
		HideSolutionNode = FALSE
	EndGlobalSection
	GlobalSection(ExtensibilityGlobals) = postSolution
		SolutionGuid = {04A36EFD-0573-41C7-A64D-FC42631604FC}
	EndGlobalSection
EndGlobal
