
Microsoft Visual Studio Solution File, Format Version 12.00
# Visual Studio 15
VisualStudioVersion = 15.0.28010.2048
MinimumVisualStudioVersion = 10.0.40219.1
Project("{FAE04EC0-301F-11D3-BF4B-00C04F79EFBC}") = "AspNetCore_2.3", "AspNetCore_2.3\AspNetCore_2.3.csproj", "{E23490C5-66B1-4B01-8E2B-BBF9B9871A72}"
EndProject
Project("{FAE04EC0-301F-11D3-BF4B-00C04F79EFBC}") = "AspNetCore_2.22", "AspNetCore_2.22\AspNetCore_2.22.csproj", "{AE3F8583-1E96-40D5-8762-218A84493D53}"
EndProject
Project("{FAE04EC0-301F-11D3-BF4B-00C04F79EFBC}") = "AspNetCore_2.4", "AspNetCore_2.4\AspNetCore_2.4.csproj", "{8F5E171D-94F1-4CFB-ACB8-96B6170EC540}"
EndProject
Project("{FAE04EC0-301F-11D3-BF4B-00C04F79EFBC}") = "AspNetCore_2.18", "AspNetCore_2.18\AspNetCore_2.18.csproj", "{EE524C39-3A27-4C18-96D6-7CED08CC6320}"
EndProject
Global
	GlobalSection(SolutionConfigurationPlatforms) = preSolution
		Debug|Any CPU = Debug|Any CPU
		Release|Any CPU = Release|Any CPU
	EndGlobalSection
	GlobalSection(ProjectConfigurationPlatforms) = postSolution
		{E23490C5-66B1-4B01-8E2B-BBF9B9871A72}.Debug|Any CPU.ActiveCfg = Debug|Any CPU
		{E23490C5-66B1-4B01-8E2B-BBF9B9871A72}.Debug|Any CPU.Build.0 = Debug|Any CPU
		{E23490C5-66B1-4B01-8E2B-BBF9B9871A72}.Release|Any CPU.ActiveCfg = Release|Any CPU
		{E23490C5-66B1-4B01-8E2B-BBF9B9871A72}.Release|Any CPU.Build.0 = Release|Any CPU
		{AE3F8583-1E96-40D5-8762-218A84493D53}.Debug|Any CPU.ActiveCfg = Debug|Any CPU
		{AE3F8583-1E96-40D5-8762-218A84493D53}.Debug|Any CPU.Build.0 = Debug|Any CPU
		{AE3F8583-1E96-40D5-8762-218A84493D53}.Release|Any CPU.ActiveCfg = Release|Any CPU
		{AE3F8583-1E96-40D5-8762-218A84493D53}.Release|Any CPU.Build.0 = Release|Any CPU
		{8F5E171D-94F1-4CFB-ACB8-96B6170EC540}.Debug|Any CPU.ActiveCfg = Debug|Any CPU
		{8F5E171D-94F1-4CFB-ACB8-96B6170EC540}.Debug|Any CPU.Build.0 = Debug|Any CPU
		{8F5E171D-94F1-4CFB-ACB8-96B6170EC540}.Release|Any CPU.ActiveCfg = Release|Any CPU
		{8F5E171D-94F1-4CFB-ACB8-96B6170EC540}.Release|Any CPU.Build.0 = Release|Any CPU
		{EE524C39-3A27-4C18-96D6-7CED08CC6320}.Debug|Any CPU.ActiveCfg = Debug|Any CPU
		{EE524C39-3A27-4C18-96D6-7CED08CC6320}.Debug|Any CPU.Build.0 = Debug|Any CPU
		{EE524C39-3A27-4C18-96D6-7CED08CC6320}.Release|Any CPU.ActiveCfg = Release|Any CPU
		{EE524C39-3A27-4C18-96D6-7CED08CC6320}.Release|Any CPU.Build.0 = Release|Any CPU
	EndGlobalSection
	GlobalSection(SolutionProperties) = preSolution
		HideSolutionNode = FALSE
	EndGlobalSection
	GlobalSection(ExtensibilityGlobals) = postSolution
		SolutionGuid = {04A36EFD-0573-41C7-A64D-FC42631604FC}
	EndGlobalSection
EndGlobal
